
Microsoft Visual Studio Solution File, Format Version 12.00
# Visual Studio 14
VisualStudioVersion = 14.0.25123.0
MinimumVisualStudioVersion = 10.0.40219.1
Project("{FAE04EC0-301F-11D3-BF4B-00C04F79EFBC}") = "GunSafety2", "GunSafety2\GunSafety2.csproj", "{6F4365B9-A3C0-40A2-9DDE-B733C339907A}"
EndProject
Project("{FAE04EC0-301F-11D3-BF4B-00C04F79EFBC}") = "GunSafety2.Tests", "GunSafety2.Tests\GunSafety2.Tests.csproj", "{7DF816DD-F2AB-41A5-8E80-E02B46AA067B}"
EndProject
Global
	GlobalSection(SolutionConfigurationPlatforms) = preSolution
		Debug|Any CPU = Debug|Any CPU
		Release|Any CPU = Release|Any CPU
	EndGlobalSection
	GlobalSection(ProjectConfigurationPlatforms) = postSolution
		{6F4365B9-A3C0-40A2-9DDE-B733C339907A}.Debug|Any CPU.ActiveCfg = Debug|Any CPU
		{6F4365B9-A3C0-40A2-9DDE-B733C339907A}.Debug|Any CPU.Build.0 = Debug|Any CPU
		{6F4365B9-A3C0-40A2-9DDE-B733C339907A}.Release|Any CPU.ActiveCfg = Release|Any CPU
		{6F4365B9-A3C0-40A2-9DDE-B733C339907A}.Release|Any CPU.Build.0 = Release|Any CPU
		{7DF816DD-F2AB-41A5-8E80-E02B46AA067B}.Debug|Any CPU.ActiveCfg = Debug|Any CPU
		{7DF816DD-F2AB-41A5-8E80-E02B46AA067B}.Debug|Any CPU.Build.0 = Debug|Any CPU
		{7DF816DD-F2AB-41A5-8E80-E02B46AA067B}.Release|Any CPU.ActiveCfg = Release|Any CPU
		{7DF816DD-F2AB-41A5-8E80-E02B46AA067B}.Release|Any CPU.Build.0 = Release|Any CPU
	EndGlobalSection
	GlobalSection(SolutionProperties) = preSolution
		HideSolutionNode = FALSE
	EndGlobalSection
EndGlobal
